
Microsoft Visual Studio Solution File, Format Version 12.00
# Visual Studio Version 17
VisualStudioVersion = 17.9.34701.34
MinimumVisualStudioVersion = 10.0.40219.1
Project("{FAE04EC0-301F-11D3-BF4B-00C04F79EFBC}") = "Client", "Client\Client.csproj", "{FDF4847B-59C5-4D61-B0BF-DE09202ABBDA}"
EndProject
Global
	GlobalSection(SolutionConfigurationPlatforms) = preSolution
		Debug|Any CPU = Debug|Any CPU
		Release|Any CPU = Release|Any CPU
	EndGlobalSection
	GlobalSection(ProjectConfigurationPlatforms) = postSolution
		{FDF4847B-59C5-4D61-B0BF-DE09202ABBDA}.Debug|Any CPU.ActiveCfg = Debug|Any CPU
		{FDF4847B-59C5-4D61-B0BF-DE09202ABBDA}.Debug|Any CPU.Build.0 = Debug|Any CPU
		{FDF4847B-59C5-4D61-B0BF-DE09202ABBDA}.Release|Any CPU.ActiveCfg = Release|Any CPU
		{FDF4847B-59C5-4D61-B0BF-DE09202ABBDA}.Release|Any CPU.Build.0 = Release|Any CPU
	EndGlobalSection
	GlobalSection(SolutionProperties) = preSolution
		HideSolutionNode = FALSE
	EndGlobalSection
	GlobalSection(ExtensibilityGlobals) = postSolution
		SolutionGuid = {EB040D02-E7D0-4F37-B255-A95BD0121DD8}
	EndGlobalSection
EndGlobal
